<?xml version="1.0" encoding="UTF-8"?>
<Scheme
   version = "1.3">
   <BuildAction>
      <BuildActionEntries>
         <BuildActionEntry
            buildForRunning = "YES">
            <BuildableReference
               BuildableIdentifier = "primary"
               BlueprintIdentifier = "86D88E34202F46CB0095A003"
               BuildableName = "processor SWIFT edition"
               BlueprintName = "processor SWIFT edition"
               ReferencedContainer = "container:processor SWIFT edition.xcodeproj">
            </BuildableReference>
         </BuildActionEntry>
      </BuildActionEntries>
   </BuildAction>
   <LaunchAction
      useCustomWorkingDirectory = "NO"
      buildConfiguration = "Debug">
      <BuildableProductRunnable>
         <BuildableReference
            BuildableIdentifier = "primary"
            BlueprintIdentifier = "86D88E34202F46CB0095A003"
            BuildableName = "processor SWIFT edition"
            BlueprintName = "processor SWIFT edition"
            ReferencedContainer = "container:processor SWIFT edition.xcodeproj">
         </BuildableReference>
      </BuildableProductRunnable>
   </LaunchAction>
</Scheme>
